<?xml version="1.0" encoding="utf-8"?>
<Project ToolsVersion="4.0" xmlns="http://schemas.microsoft.com/developer/msbuild/2003">
  <ItemGroup>
    <ClCompile Include="Source\Application.cpp" />
    <ClCompile Include="Source\EntityManager.cpp" />
    <ClCompile Include="Source\FPSCamera.cpp" />
    <ClCompile Include="Source\GenericEntity.cpp" />
    <ClCompile Include="Source\GroundEntity.cpp" />
    <ClCompile Include="Source\Light.cpp" />
    <ClCompile Include="Source\main.cpp" />
    <ClCompile Include="Source\OBJMesh.cpp" />
    <ClCompile Include="Source\PlayerInfo\PlayerInfo.cpp" />
    <ClCompile Include="Source\Projectile\Projectile.cpp" />
    <ClCompile Include="Source\Scene2D\Animation.cpp" />
    <ClCompile Include="Source\Scene2D\AnimationAxe.cpp" />
    <ClCompile Include="Source\Scene2D\AnimationCrystal.cpp" />
    <ClCompile Include="Source\Scene2D\AnimationHearts.cpp" />
    <ClCompile Include="Source\Scene2D\AnimationSlash.cpp" />
    <ClCompile Include="Source\Scene2D\Enemy.cpp" />
    <ClCompile Include="Source\Scene2D\Goodies.cpp" />
    <ClCompile Include="Source\Scene2D\GoodiesFactory.cpp" />
    <ClCompile Include="Source\Scene2D\Hearts.cpp" />
    <ClCompile Include="Source\Scene2D\Map.cpp" />
    <ClCompile Include="Source\Scene2D\PlayerInfo2D.cpp" />
    <ClCompile Include="Source\Scene2D\Scene2D.cpp" />
    <ClCompile Include="Source\Scene2D\Slash.cpp" />
    <ClCompile Include="Source\Scene2D\Strategy.cpp" />
    <ClCompile Include="Source\Scene2D\Strategy_Kill.cpp" />
    <ClCompile Include="Source\Scene2D\TreasureChest.cpp" />
    <ClCompile Include="Source\SceneText.cpp" />
    <ClCompile Include="Source\SkyBox\SkyBoxEntity.cpp" />
    <ClCompile Include="Source\SoundEngine.cpp" />
    <ClCompile Include="Source\SpriteEntity.cpp" />
    <ClCompile Include="Source\TextEntity.cpp" />
    <ClCompile Include="Source\UIButton.cpp" />
    <ClCompile Include="Source\UserInterface.cpp" />
    <ClCompile Include="Source\WeaponInfo\Pistol.cpp" />
    <ClCompile Include="Source\WeaponInfo\WeaponInfo.cpp" />
    <ClCompile Include="Source\Scene2D\Strategy_Shoot.cpp" />
  </ItemGroup>
  <ItemGroup>
    <ClInclude Include="Source\Application.h" />
    <ClInclude Include="Source\EntityManager.h" />
    <ClInclude Include="Source\FPSCamera.h" />
    <ClInclude Include="Source\GenericEntity.h" />
    <ClInclude Include="Source\GroundEntity.h" />
    <ClInclude Include="Source\Light.h" />
    <ClInclude Include="Source\OBJMesh.h" />
    <ClInclude Include="Source\PlayerInfo\PlayerInfo.h" />
    <ClInclude Include="Source\Projectile\Projectile.h" />
    <ClInclude Include="Source\Scene2D\Animation.h" />
    <ClInclude Include="Source\Scene2D\AnimationAxe.h" />
    <ClInclude Include="Source\Scene2D\AnimationCrystal.h" />
    <ClInclude Include="Source\Scene2D\AnimationHearts.h" />
    <ClInclude Include="Source\Scene2D\AnimationSlash.h" />
    <ClInclude Include="Source\Scene2D\Enemy.h" />
    <ClInclude Include="Source\Scene2D\Goodies.h" />
    <ClInclude Include="Source\Scene2D\GoodiesFactory.h" />
    <ClInclude Include="Source\Scene2D\Hearts.h" />
    <ClInclude Include="Source\Scene2D\Map.h" />
    <ClInclude Include="Source\Scene2D\PlayerInfo2D.h" />
    <ClInclude Include="Source\Scene2D\Scene2D.h" />
    <ClInclude Include="Source\Scene2D\Slash.h" />
    <ClInclude Include="Source\Scene2D\Strategy.h" />
    <ClInclude Include="Source\Scene2D\Strategy_Kill.h" />
    <ClInclude Include="Source\Scene2D\TreasureChest.h" />
    <ClInclude Include="Source\SceneText.h" />
    <ClInclude Include="Source\SkyBox\SkyBoxEntity.h" />
    <ClInclude Include="Source\SoundEngine.h" />
    <ClInclude Include="Source\SpriteEntity.h" />
    <ClInclude Include="Source\TextEntity.h" />
    <ClInclude Include="Source\UIButton.h" />
    <ClInclude Include="Source\UserInterface.h" />
    <ClInclude Include="Source\WeaponInfo\Pistol.h" />
    <ClInclude Include="Source\WeaponInfo\WeaponInfo.h" />
    <ClInclude Include="Source\Scene2D\Strategy_Shoot.h" />
  </ItemGroup>
  <ItemGroup>
    <None Include="Shader\Texture.fragmentshader" />
    <None Include="Shader\Texture.vertexshader" />
  </ItemGroup>
</Project>